{
  "name": "dsg-heatmap",
  "version": "1.0.0",
  "lockfileVersion": 1,
  "requires": true,
  "dependencies": {
    "leaflet": {
      "version": "0.7.7",
      "resolved": "https://registry.npmjs.org/leaflet/-/leaflet-0.7.7.tgz",
      "integrity": "sha1-HjUrpU5j0HZFH6NjyQCJDLLPde4="
    },
    "leaflet-search": {
      "version": "2.9.6",
      "resolved": "https://registry.npmjs.org/leaflet-search/-/leaflet-search-2.9.6.tgz",
      "integrity": "sha512-ZzZEnjcYmVEXfYq5r2adt47voAtycJlZ3YDjWJXjJuUCWW99sj6IqB5qjNrBC5JALBmSnkOlfSHCaj3jbO1CGg==",
      "requires": {
        "leaflet": "*"
      }
    },
    "leaflet.awesome-markers": {
      "version": "2.0.4",
      "resolved": "https://registry.npmjs.org/leaflet.awesome-markers/-/leaflet.awesome-markers-2.0.4.tgz",
      "integrity": "sha1-Zv6iCQycigq20fO2vdAvs3z0uho="
    },
    "moment": {
      "version": "2.22.2",
      "resolved": "https://registry.npmjs.org/moment/-/moment-2.22.2.tgz",
      "integrity": "sha1-PCV/mDn8DpP/UxSWMiOeuQeD/2Y="
    },
    "moment-timezone": {
      "version": "0.5.21",
      "resolved": "https://registry.npmjs.org/moment-timezone/-/moment-timezone-0.5.21.tgz",
      "integrity": "sha512-j96bAh4otsgj3lKydm3K7kdtA3iKf2m6MY2iSYCzCm5a1zmHo1g+aK3068dDEeocLZQIS9kU8bsdQHLqEvgW0A==",
      "requires": {
        "moment": ">= 2.9.0"
      }
    }
  }
}
